
Microsoft Visual Studio Solution File, Format Version 12.00
# Visual Studio 15
Project("{FAE04EC0-301F-11D3-BF4B-00C04F79EFBC}") = "Assembly-CSharp", "Assembly-CSharp.csproj", "{522B0F29-695A-B14F-38A4-58B15E094F8F}"
EndProject
Project("{FAE04EC0-301F-11D3-BF4B-00C04F79EFBC}") = "XNodeEditor", "XNodeEditor.csproj", "{6240362E-9BBE-B061-FAB9-C7E4BC6E8A42}"
EndProject
Project("{FAE04EC0-301F-11D3-BF4B-00C04F79EFBC}") = "XNode", "XNode.csproj", "{AACE2EBC-464F-1646-986E-C4628984F6C3}"
EndProject
Global
	GlobalSection(SolutionConfigurationPlatforms) = preSolution
		Debug|Any CPU = Debug|Any CPU
		Release|Any CPU = Release|Any CPU
	EndGlobalSection
	GlobalSection(ProjectConfigurationPlatforms) = postSolution
		{522B0F29-695A-B14F-38A4-58B15E094F8F}.Debug|Any CPU.ActiveCfg = Debug|Any CPU
		{522B0F29-695A-B14F-38A4-58B15E094F8F}.Debug|Any CPU.Build.0 = Debug|Any CPU
		{522B0F29-695A-B14F-38A4-58B15E094F8F}.Release|Any CPU.ActiveCfg = Release|Any CPU
		{522B0F29-695A-B14F-38A4-58B15E094F8F}.Release|Any CPU.Build.0 = Release|Any CPU
		{6240362E-9BBE-B061-FAB9-C7E4BC6E8A42}.Debug|Any CPU.ActiveCfg = Debug|Any CPU
		{6240362E-9BBE-B061-FAB9-C7E4BC6E8A42}.Debug|Any CPU.Build.0 = Debug|Any CPU
		{6240362E-9BBE-B061-FAB9-C7E4BC6E8A42}.Release|Any CPU.ActiveCfg = Release|Any CPU
		{6240362E-9BBE-B061-FAB9-C7E4BC6E8A42}.Release|Any CPU.Build.0 = Release|Any CPU
		{AACE2EBC-464F-1646-986E-C4628984F6C3}.Debug|Any CPU.ActiveCfg = Debug|Any CPU
		{AACE2EBC-464F-1646-986E-C4628984F6C3}.Debug|Any CPU.Build.0 = Debug|Any CPU
		{AACE2EBC-464F-1646-986E-C4628984F6C3}.Release|Any CPU.ActiveCfg = Release|Any CPU
		{AACE2EBC-464F-1646-986E-C4628984F6C3}.Release|Any CPU.Build.0 = Release|Any CPU
	EndGlobalSection
	GlobalSection(SolutionProperties) = preSolution
		HideSolutionNode = FALSE
	EndGlobalSection
EndGlobal
